
Microsoft Visual Studio Solution File, Format Version 12.00
# Visual Studio 15
VisualStudioVersion = 15.0.28307.539
MinimumVisualStudioVersion = 10.0.40219.1
Project("{8BC9CEB8-8B4A-11D0-8D11-00A0C91BC942}") = "Fastest Gaussian Blur", "Fastest Gaussian Blur\Fastest Gaussian Blur.vcxproj", "{C577F185-E92C-47CE-BA69-B3773486B2FD}"
EndProject
Global
	GlobalSection(SolutionConfigurationPlatforms) = preSolution
		Debug|x64 = Debug|x64
		Debug|x86 = Debug|x86
		Release|x64 = Release|x64
		Release|x86 = Release|x86
	EndGlobalSection
	GlobalSection(ProjectConfigurationPlatforms) = postSolution
		{C577F185-E92C-47CE-BA69-B3773486B2FD}.Debug|x64.ActiveCfg = Debug|x64
		{C577F185-E92C-47CE-BA69-B3773486B2FD}.Debug|x64.Build.0 = Debug|x64
		{C577F185-E92C-47CE-BA69-B3773486B2FD}.Debug|x86.ActiveCfg = Debug|Win32
		{C577F185-E92C-47CE-BA69-B3773486B2FD}.Debug|x86.Build.0 = Debug|Win32
		{C577F185-E92C-47CE-BA69-B3773486B2FD}.Release|x64.ActiveCfg = Release|x64
		{C577F185-E92C-47CE-BA69-B3773486B2FD}.Release|x64.Build.0 = Release|x64
		{C577F185-E92C-47CE-BA69-B3773486B2FD}.Release|x86.ActiveCfg = Release|Win32
		{C577F185-E92C-47CE-BA69-B3773486B2FD}.Release|x86.Build.0 = Release|Win32
	EndGlobalSection
	GlobalSection(SolutionProperties) = preSolution
		HideSolutionNode = FALSE
	EndGlobalSection
	GlobalSection(ExtensibilityGlobals) = postSolution
		SolutionGuid = {357A25D7-4DAE-4372-82C6-FC4C8DC4A14E}
	EndGlobalSection
EndGlobal
